
Microsoft Visual Studio Solution File, Format Version 12.00
# Visual Studio 2013
VisualStudioVersion = 12.0.30110.0
MinimumVisualStudioVersion = 10.0.40219.1
Project("{2150E333-8FDC-42A3-9474-1A3956D46DE8}") = "Solution Items", "Solution Items", "{C7910296-F001-48D6-BBBF-8DEFCEE7FF50}"
	ProjectSection(SolutionItems) = preProject
		.gitignore = .gitignore
		LICENSE = LICENSE
		README.md = README.md
	EndProjectSection
EndProject
Project("{2150E333-8FDC-42A3-9474-1A3956D46DE8}") = "JamesDibble.Extensions", "JamesDibble.Extensions", "{A77424F8-D824-4A62-9170-719EAACBF6DB}"
EndProject
Project("{2150E333-8FDC-42A3-9474-1A3956D46DE8}") = ".nuget", ".nuget", "{DE30DABC-6C6A-41AB-A202-DA64539A7833}"
	ProjectSection(SolutionItems) = preProject
		.nuget\NuGet.Config = .nuget\NuGet.Config
		.nuget\NuGet.exe = .nuget\NuGet.exe
		.nuget\NuGet.targets = .nuget\NuGet.targets
	EndProjectSection
EndProject
Project("{2150E333-8FDC-42A3-9474-1A3956D46DE8}") = "JamesDibble.ApplicationFramework", "JamesDibble.ApplicationFramework", "{201B9BFC-7668-4C16-B819-8C6A524B044C}"
EndProject
Project("{2150E333-8FDC-42A3-9474-1A3956D46DE8}") = "JamesDibble.ApplicationFramework.Web", "JamesDibble.ApplicationFramework.Web", "{7188A703-704F-4BB1-94BA-744B7BE2A5D6}"
EndProject
Project("{2150E333-8FDC-42A3-9474-1A3956D46DE8}") = "JamesDibble.ApplicationFramework.Data", "JamesDibble.ApplicationFramework.Data", "{C67887FF-1A2B-4188-AE79-B457131087A3}"
EndProject
Project("{FAE04EC0-301F-11D3-BF4B-00C04F79EFBC}") = "JamesDibble.Extensions.System.Comparers", "Extensions\Comparers\JamesDibble.Extensions.System.Comparers.csproj", "{82A735CD-7E25-488A-A725-65A5CBEA2CB6}"
EndProject
Project("{FAE04EC0-301F-11D3-BF4B-00C04F79EFBC}") = "JamesDibble.Extensions.System.Data", "Extensions\Data\JamesDibble.Extensions.System.Data.csproj", "{B8F06ACA-EC26-447C-B9EF-AE261B4BF3A7}"
EndProject
Project("{FAE04EC0-301F-11D3-BF4B-00C04F79EFBC}") = "JamesDibble.ApplicationFramework.Configuration", "ApplicationFramework\Configuration\JamesDibble.ApplicationFramework.Configuration.csproj", "{02901128-926D-4282-900D-D921C2D8EDC9}"
EndProject
Project("{FAE04EC0-301F-11D3-BF4B-00C04F79EFBC}") = "JamesDibble.ApplicationFramework.Data.Persistence", "ApplicationFramework\Data\Persistence\JamesDibble.ApplicationFramework.Data.Persistence.csproj", "{4115485B-45E2-4BE7-9E6F-1B9661BF669A}"
EndProject
Project("{FAE04EC0-301F-11D3-BF4B-00C04F79EFBC}") = "JamesDibble.ApplicationFramework.Data.Persistence.EntityFramework", "ApplicationFramework\Data\Persistence.EntityFramework\JamesDibble.ApplicationFramework.Data.Persistence.EntityFramework.csproj", "{1184A1D2-9269-49AB-B389-01578EA2C12E}"
EndProject
Project("{FAE04EC0-301F-11D3-BF4B-00C04F79EFBC}") = "JamesDibble.ApplicationFramework.Data.Persistence.EntityFrameworkCodeFirst", "ApplicationFramework\Data\Persistence.EntityFrameworkCodeFirst\JamesDibble.ApplicationFramework.Data.Persistence.EntityFrameworkCodeFirst.csproj", "{2CD47481-D996-4363-B5C0-0A12A0537529}"
EndProject
Project("{FAE04EC0-301F-11D3-BF4B-00C04F79EFBC}") = "JamesDibble.ApplicationFramework.Web.Mvc", "ApplicationFramework\Web\JamesDibble.ApplicationFramework.Web.Mvc\JamesDibble.ApplicationFramework.Web.Mvc.csproj", "{4502F0FC-328E-4C7E-B8C3-AC2985F48ABF}"
EndProject
Project("{FAE04EC0-301F-11D3-BF4B-00C04F79EFBC}") = "JamesDibble.ApplicationFramework.Web.MetaWeblog", "ApplicationFramework\Web\JamesDibble.ApplicationFramework.Web.MetaWeblog\JamesDibble.ApplicationFramework.Web.MetaWeblog.csproj", "{FAD0D04B-D49D-44F0-9387-51D8358AA11B}"
EndProject
Project("{FAE04EC0-301F-11D3-BF4B-00C04F79EFBC}") = "JamesDibble.Extensions.System", "Extensions\System\JamesDibble.Extensions.System.csproj", "{806AB052-CD1B-45AC-9F7A-E07E18B3527A}"
EndProject
Global
	GlobalSection(SolutionConfigurationPlatforms) = preSolution
		Debug|Any CPU = Debug|Any CPU
		Release|Any CPU = Release|Any CPU
	EndGlobalSection
	GlobalSection(ProjectConfigurationPlatforms) = postSolution
		{82A735CD-7E25-488A-A725-65A5CBEA2CB6}.Debug|Any CPU.ActiveCfg = Debug|Any CPU
		{82A735CD-7E25-488A-A725-65A5CBEA2CB6}.Debug|Any CPU.Build.0 = Debug|Any CPU
		{82A735CD-7E25-488A-A725-65A5CBEA2CB6}.Release|Any CPU.ActiveCfg = Release|Any CPU
		{82A735CD-7E25-488A-A725-65A5CBEA2CB6}.Release|Any CPU.Build.0 = Release|Any CPU
		{B8F06ACA-EC26-447C-B9EF-AE261B4BF3A7}.Debug|Any CPU.ActiveCfg = Debug|Any CPU
		{B8F06ACA-EC26-447C-B9EF-AE261B4BF3A7}.Debug|Any CPU.Build.0 = Debug|Any CPU
		{B8F06ACA-EC26-447C-B9EF-AE261B4BF3A7}.Release|Any CPU.ActiveCfg = Release|Any CPU
		{B8F06ACA-EC26-447C-B9EF-AE261B4BF3A7}.Release|Any CPU.Build.0 = Release|Any CPU
		{02901128-926D-4282-900D-D921C2D8EDC9}.Debug|Any CPU.ActiveCfg = Debug|Any CPU
		{02901128-926D-4282-900D-D921C2D8EDC9}.Debug|Any CPU.Build.0 = Debug|Any CPU
		{02901128-926D-4282-900D-D921C2D8EDC9}.Release|Any CPU.ActiveCfg = Release|Any CPU
		{02901128-926D-4282-900D-D921C2D8EDC9}.Release|Any CPU.Build.0 = Release|Any CPU
		{4115485B-45E2-4BE7-9E6F-1B9661BF669A}.Debug|Any CPU.ActiveCfg = Debug|Any CPU
		{4115485B-45E2-4BE7-9E6F-1B9661BF669A}.Debug|Any CPU.Build.0 = Debug|Any CPU
		{4115485B-45E2-4BE7-9E6F-1B9661BF669A}.Release|Any CPU.ActiveCfg = Release|Any CPU
		{4115485B-45E2-4BE7-9E6F-1B9661BF669A}.Release|Any CPU.Build.0 = Release|Any CPU
		{1184A1D2-9269-49AB-B389-01578EA2C12E}.Debug|Any CPU.ActiveCfg = Debug|Any CPU
		{1184A1D2-9269-49AB-B389-01578EA2C12E}.Debug|Any CPU.Build.0 = Debug|Any CPU
		{1184A1D2-9269-49AB-B389-01578EA2C12E}.Release|Any CPU.ActiveCfg = Release|Any CPU
		{1184A1D2-9269-49AB-B389-01578EA2C12E}.Release|Any CPU.Build.0 = Release|Any CPU
		{2CD47481-D996-4363-B5C0-0A12A0537529}.Debug|Any CPU.ActiveCfg = Debug|Any CPU
		{2CD47481-D996-4363-B5C0-0A12A0537529}.Debug|Any CPU.Build.0 = Debug|Any CPU
		{2CD47481-D996-4363-B5C0-0A12A0537529}.Release|Any CPU.ActiveCfg = Release|Any CPU
		{2CD47481-D996-4363-B5C0-0A12A0537529}.Release|Any CPU.Build.0 = Release|Any CPU
		{4502F0FC-328E-4C7E-B8C3-AC2985F48ABF}.Debug|Any CPU.ActiveCfg = Debug|Any CPU
		{4502F0FC-328E-4C7E-B8C3-AC2985F48ABF}.Debug|Any CPU.Build.0 = Debug|Any CPU
		{4502F0FC-328E-4C7E-B8C3-AC2985F48ABF}.Release|Any CPU.ActiveCfg = Release|Any CPU
		{4502F0FC-328E-4C7E-B8C3-AC2985F48ABF}.Release|Any CPU.Build.0 = Release|Any CPU
		{FAD0D04B-D49D-44F0-9387-51D8358AA11B}.Debug|Any CPU.ActiveCfg = Debug|Any CPU
		{FAD0D04B-D49D-44F0-9387-51D8358AA11B}.Debug|Any CPU.Build.0 = Debug|Any CPU
		{FAD0D04B-D49D-44F0-9387-51D8358AA11B}.Release|Any CPU.ActiveCfg = Release|Any CPU
		{FAD0D04B-D49D-44F0-9387-51D8358AA11B}.Release|Any CPU.Build.0 = Release|Any CPU
		{806AB052-CD1B-45AC-9F7A-E07E18B3527A}.Debug|Any CPU.ActiveCfg = Debug|Any CPU
		{806AB052-CD1B-45AC-9F7A-E07E18B3527A}.Debug|Any CPU.Build.0 = Debug|Any CPU
		{806AB052-CD1B-45AC-9F7A-E07E18B3527A}.Release|Any CPU.ActiveCfg = Release|Any CPU
		{806AB052-CD1B-45AC-9F7A-E07E18B3527A}.Release|Any CPU.Build.0 = Release|Any CPU
	EndGlobalSection
	GlobalSection(SolutionProperties) = preSolution
		HideSolutionNode = FALSE
	EndGlobalSection
	GlobalSection(NestedProjects) = preSolution
		{82A735CD-7E25-488A-A725-65A5CBEA2CB6} = {A77424F8-D824-4A62-9170-719EAACBF6DB}
		{B8F06ACA-EC26-447C-B9EF-AE261B4BF3A7} = {A77424F8-D824-4A62-9170-719EAACBF6DB}
		{806AB052-CD1B-45AC-9F7A-E07E18B3527A} = {A77424F8-D824-4A62-9170-719EAACBF6DB}
		{7188A703-704F-4BB1-94BA-744B7BE2A5D6} = {201B9BFC-7668-4C16-B819-8C6A524B044C}
		{C67887FF-1A2B-4188-AE79-B457131087A3} = {201B9BFC-7668-4C16-B819-8C6A524B044C}
		{02901128-926D-4282-900D-D921C2D8EDC9} = {201B9BFC-7668-4C16-B819-8C6A524B044C}
		{4502F0FC-328E-4C7E-B8C3-AC2985F48ABF} = {7188A703-704F-4BB1-94BA-744B7BE2A5D6}
		{FAD0D04B-D49D-44F0-9387-51D8358AA11B} = {7188A703-704F-4BB1-94BA-744B7BE2A5D6}
		{4115485B-45E2-4BE7-9E6F-1B9661BF669A} = {C67887FF-1A2B-4188-AE79-B457131087A3}
		{1184A1D2-9269-49AB-B389-01578EA2C12E} = {C67887FF-1A2B-4188-AE79-B457131087A3}
		{2CD47481-D996-4363-B5C0-0A12A0537529} = {C67887FF-1A2B-4188-AE79-B457131087A3}
	EndGlobalSection
EndGlobal
